// !$*UTF8*$!
{
	archiveVersion = 1;
	classes = {
	};
	objectVersion = 56;
	objects = {

/* Begin PBXBuildFile section */
		690D7631CCC3822F0A78ED81 /* Pods_VideoPhotoSecrete2.framework in Frameworks */ = {isa = PBXBuildFile; fileRef = 02D909E254CFB5B2A3C6B5E2 /* Pods_VideoPhotoSecrete2.framework */; };
		9A94E8012A15C63300F00605 /* AudiosTableViewCell.swift in Sources */ = {isa = PBXBuildFile; fileRef = 9A94E7FF2A15C63300F00605 /* AudiosTableViewCell.swift */; };
		9A94E8022A15C63300F00605 /* AudiosTableViewCell.xib in Resources */ = {isa = PBXBuildFile; fileRef = 9A94E8002A15C63300F00605 /* AudiosTableViewCell.xib */; };
		9A94E8052A15D6E300F00605 /* SubAudiosTableViewCell.swift in Sources */ = {isa = PBXBuildFile; fileRef = 9A94E8032A15D6E300F00605 /* SubAudiosTableViewCell.swift */; };
		9A94E8062A15D6E300F00605 /* SubAudiosTableViewCell.xib in Resources */ = {isa = PBXBuildFile; fileRef = 9A94E8042A15D6E300F00605 /* SubAudiosTableViewCell.xib */; };
		9A95FD752A120A6700E22030 /* ShowImageViewController.swift in Sources */ = {isa = PBXBuildFile; fileRef = 9A95FD742A120A6700E22030 /* ShowImageViewController.swift */; };
		9A973B702A1319EA00FE96B5 /* SubAudiosViewController.swift in Sources */ = {isa = PBXBuildFile; fileRef = 9A973B6F2A1319EA00FE96B5 /* SubAudiosViewController.swift */; };
		9A973B722A1319F700FE96B5 /* SubDocumentsViewController.swift in Sources */ = {isa = PBXBuildFile; fileRef = 9A973B712A1319F700FE96B5 /* SubDocumentsViewController.swift */; };
		9A973B752A131AB900FE96B5 /* DocumentsTableViewCell.swift in Sources */ = {isa = PBXBuildFile; fileRef = 9A973B732A131AB900FE96B5 /* DocumentsTableViewCell.swift */; };
		9A973B762A131AB900FE96B5 /* DocumentsTableViewCell.xib in Resources */ = {isa = PBXBuildFile; fileRef = 9A973B742A131AB900FE96B5 /* DocumentsTableViewCell.xib */; };
		9A973B7D2A133B3C00FE96B5 /* SubDocumentsTableViewCell.swift in Sources */ = {isa = PBXBuildFile; fileRef = 9A973B7B2A133B3C00FE96B5 /* SubDocumentsTableViewCell.swift */; };
		9A973B7E2A133B3C00FE96B5 /* SubDocumentsTableViewCell.xib in Resources */ = {isa = PBXBuildFile; fileRef = 9A973B7C2A133B3C00FE96B5 /* SubDocumentsTableViewCell.xib */; };
		9A97ECB22A1F6262002F5BF2 /* SubPhotosCollectionViewCell.swift in Sources */ = {isa = PBXBuildFile; fileRef = 9A97ECB02A1F6262002F5BF2 /* SubPhotosCollectionViewCell.swift */; };
		9A97ECB32A1F6262002F5BF2 /* SubPhotosCollectionViewCell.xib in Resources */ = {isa = PBXBuildFile; fileRef = 9A97ECB12A1F6262002F5BF2 /* SubPhotosCollectionViewCell.xib */; };
		9A980EB52A0DEF9900770531 /* VideosTableViewCell.swift in Sources */ = {isa = PBXBuildFile; fileRef = 9A980EB32A0DEF9900770531 /* VideosTableViewCell.swift */; };
		9A980EB62A0DEF9900770531 /* VideosTableViewCell.xib in Resources */ = {isa = PBXBuildFile; fileRef = 9A980EB42A0DEF9900770531 /* VideosTableViewCell.xib */; };
		9A980EB82A0E279F00770531 /* SubVideosViewController.swift in Sources */ = {isa = PBXBuildFile; fileRef = 9A980EB72A0E279F00770531 /* SubVideosViewController.swift */; };
		9A980EBB2A0E295900770531 /* SubVideosCollectionViewCell.swift in Sources */ = {isa = PBXBuildFile; fileRef = 9A980EB92A0E295900770531 /* SubVideosCollectionViewCell.swift */; };
		9A980EBC2A0E295900770531 /* SubVideosCollectionViewCell.xib in Resources */ = {isa = PBXBuildFile; fileRef = 9A980EBA2A0E295900770531 /* SubVideosCollectionViewCell.xib */; };
		9A9E5EC82A0C8F2C008CBAD9 /* PhotosCollectionViewCell.swift in Sources */ = {isa = PBXBuildFile; fileRef = 9A9E5EC62A0C8F2C008CBAD9 /* PhotosCollectionViewCell.swift */; };
		9A9E5EC92A0C8F2C008CBAD9 /* PhotosCollectionViewCell.xib in Resources */ = {isa = PBXBuildFile; fileRef = 9A9E5EC72A0C8F2C008CBAD9 /* PhotosCollectionViewCell.xib */; };
		9A9E5ECC2A0CAB1F008CBAD9 /* SubPhotosViewController.swift in Sources */ = {isa = PBXBuildFile; fileRef = 9A9E5ECB2A0CAB1F008CBAD9 /* SubPhotosViewController.swift */; };
		9AA265BF2A25998F00E84429 /* MoreViewController.swift in Sources */ = {isa = PBXBuildFile; fileRef = 9AA265BE2A25998F00E84429 /* MoreViewController.swift */; };
		9AA265C32A25F2CF00E84429 /* SettingViewController.swift in Sources */ = {isa = PBXBuildFile; fileRef = 9AA265C22A25F2CF00E84429 /* SettingViewController.swift */; };
		9AA45B3B2A0B32F8007A2A18 /* AppDelegate.swift in Sources */ = {isa = PBXBuildFile; fileRef = 9AA45B3A2A0B32F8007A2A18 /* AppDelegate.swift */; };
		9AA45B3D2A0B32F8007A2A18 /* SceneDelegate.swift in Sources */ = {isa = PBXBuildFile; fileRef = 9AA45B3C2A0B32F8007A2A18 /* SceneDelegate.swift */; };
		9AA45B422A0B32F8007A2A18 /* Main.storyboard in Resources */ = {isa = PBXBuildFile; fileRef = 9AA45B402A0B32F8007A2A18 /* Main.storyboard */; };
		9AA45B442A0B32FA007A2A18 /* Assets.xcassets in Resources */ = {isa = PBXBuildFile; fileRef = 9AA45B432A0B32FA007A2A18 /* Assets.xcassets */; };
		9AA45B472A0B32FA007A2A18 /* LaunchScreen.storyboard in Resources */ = {isa = PBXBuildFile; fileRef = 9AA45B452A0B32FA007A2A18 /* LaunchScreen.storyboard */; };
		9AA45B512A0B3AAE007A2A18 /* HomeCollectionViewCell.swift in Sources */ = {isa = PBXBuildFile; fileRef = 9AA45B4F2A0B3AAE007A2A18 /* HomeCollectionViewCell.swift */; };
		9AA45B522A0B3AAE007A2A18 /* HomeCollectionViewCell.xib in Resources */ = {isa = PBXBuildFile; fileRef = 9AA45B502A0B3AAE007A2A18 /* HomeCollectionViewCell.xib */; };
		9AA45B552A0B3C45007A2A18 /* HomeViewController.swift in Sources */ = {isa = PBXBuildFile; fileRef = 9AA45B542A0B3C45007A2A18 /* HomeViewController.swift */; };
		9AA45B592A0B4A26007A2A18 /* PhotosViewController.swift in Sources */ = {isa = PBXBuildFile; fileRef = 9AA45B582A0B4A26007A2A18 /* PhotosViewController.swift */; };
		9AA45B5B2A0B4A2E007A2A18 /* VideosViewController.swift in Sources */ = {isa = PBXBuildFile; fileRef = 9AA45B5A2A0B4A2E007A2A18 /* VideosViewController.swift */; };
		9AA45B5D2A0B4A38007A2A18 /* AudiosViewController.swift in Sources */ = {isa = PBXBuildFile; fileRef = 9AA45B5C2A0B4A38007A2A18 /* AudiosViewController.swift */; };
		9AA45B5F2A0B4A41007A2A18 /* DocumentsViewController.swift in Sources */ = {isa = PBXBuildFile; fileRef = 9AA45B5E2A0B4A41007A2A18 /* DocumentsViewController.swift */; };
/* End PBXBuildFile section */

/* Begin PBXFileReference section */
		02D909E254CFB5B2A3C6B5E2 /* Pods_VideoPhotoSecrete2.framework */ = {isa = PBXFileReference; explicitFileType = wrapper.framework; includeInIndex = 0; path = Pods_VideoPhotoSecrete2.framework; sourceTree = BUILT_PRODUCTS_DIR; };
		2253D9B9DC5BC7D17E7D38C0 /* Pods-VideoPhotoSecrete2.debug.xcconfig */ = {isa = PBXFileReference; includeInIndex = 1; lastKnownFileType = text.xcconfig; name = "Pods-VideoPhotoSecrete2.debug.xcconfig"; path = "Target Support Files/Pods-VideoPhotoSecrete2/Pods-VideoPhotoSecrete2.debug.xcconfig"; sourceTree = "<group>"; };
		90611CC99802F44CD8B34E32 /* Pods-VideoPhotoSecrete2.release.xcconfig */ = {isa = PBXFileReference; includeInIndex = 1; lastKnownFileType = text.xcconfig; name = "Pods-VideoPhotoSecrete2.release.xcconfig"; path = "Target Support Files/Pods-VideoPhotoSecrete2/Pods-VideoPhotoSecrete2.release.xcconfig"; sourceTree = "<group>"; };
		9A94E7FF2A15C63300F00605 /* AudiosTableViewCell.swift */ = {isa = PBXFileReference; lastKnownFileType = sourcecode.swift; path = AudiosTableViewCell.swift; sourceTree = "<group>"; };
		9A94E8002A15C63300F00605 /* AudiosTableViewCell.xib */ = {isa = PBXFileReference; lastKnownFileType = file.xib; path = AudiosTableViewCell.xib; sourceTree = "<group>"; };
		9A94E8032A15D6E300F00605 /* SubAudiosTableViewCell.swift */ = {isa = PBXFileReference; lastKnownFileType = sourcecode.swift; path = SubAudiosTableViewCell.swift; sourceTree = "<group>"; };
		9A94E8042A15D6E300F00605 /* SubAudiosTableViewCell.xib */ = {isa = PBXFileReference; lastKnownFileType = file.xib; path = SubAudiosTableViewCell.xib; sourceTree = "<group>"; };
		9A95FD742A120A6700E22030 /* ShowImageViewController.swift */ = {isa = PBXFileReference; lastKnownFileType = sourcecode.swift; path = ShowImageViewController.swift; sourceTree = "<group>"; };
		9A973B6F2A1319EA00FE96B5 /* SubAudiosViewController.swift */ = {isa = PBXFileReference; lastKnownFileType = sourcecode.swift; path = SubAudiosViewController.swift; sourceTree = "<group>"; };
		9A973B712A1319F700FE96B5 /* SubDocumentsViewController.swift */ = {isa = PBXFileReference; lastKnownFileType = sourcecode.swift; path = SubDocumentsViewController.swift; sourceTree = "<group>"; };
		9A973B732A131AB900FE96B5 /* DocumentsTableViewCell.swift */ = {isa = PBXFileReference; lastKnownFileType = sourcecode.swift; path = DocumentsTableViewCell.swift; sourceTree = "<group>"; };
		9A973B742A131AB900FE96B5 /* DocumentsTableViewCell.xib */ = {isa = PBXFileReference; lastKnownFileType = file.xib; path = DocumentsTableViewCell.xib; sourceTree = "<group>"; };
		9A973B7B2A133B3C00FE96B5 /* SubDocumentsTableViewCell.swift */ = {isa = PBXFileReference; lastKnownFileType = sourcecode.swift; path = SubDocumentsTableViewCell.swift; sourceTree = "<group>"; };
		9A973B7C2A133B3C00FE96B5 /* SubDocumentsTableViewCell.xib */ = {isa = PBXFileReference; lastKnownFileType = file.xib; path = SubDocumentsTableViewCell.xib; sourceTree = "<group>"; };
		9A97ECB02A1F6262002F5BF2 /* SubPhotosCollectionViewCell.swift */ = {isa = PBXFileReference; lastKnownFileType = sourcecode.swift; path = SubPhotosCollectionViewCell.swift; sourceTree = "<group>"; };
		9A97ECB12A1F6262002F5BF2 /* SubPhotosCollectionViewCell.xib */ = {isa = PBXFileReference; lastKnownFileType = file.xib; path = SubPhotosCollectionViewCell.xib; sourceTree = "<group>"; };
		9A980EB32A0DEF9900770531 /* VideosTableViewCell.swift */ = {isa = PBXFileReference; lastKnownFileType = sourcecode.swift; path = VideosTableViewCell.swift; sourceTree = "<group>"; };
		9A980EB42A0DEF9900770531 /* VideosTableViewCell.xib */ = {isa = PBXFileReference; lastKnownFileType = file.xib; path = VideosTableViewCell.xib; sourceTree = "<group>"; };
		9A980EB72A0E279F00770531 /* SubVideosViewController.swift */ = {isa = PBXFileReference; lastKnownFileType = sourcecode.swift; path = SubVideosViewController.swift; sourceTree = "<group>"; };
		9A980EB92A0E295900770531 /* SubVideosCollectionViewCell.swift */ = {isa = PBXFileReference; lastKnownFileType = sourcecode.swift; path = SubVideosCollectionViewCell.swift; sourceTree = "<group>"; };
		9A980EBA2A0E295900770531 /* SubVideosCollectionViewCell.xib */ = {isa = PBXFileReference; lastKnownFileType = file.xib; path = SubVideosCollectionViewCell.xib; sourceTree = "<group>"; };
		9A9E5EC62A0C8F2C008CBAD9 /* PhotosCollectionViewCell.swift */ = {isa = PBXFileReference; lastKnownFileType = sourcecode.swift; path = PhotosCollectionViewCell.swift; sourceTree = "<group>"; };
		9A9E5EC72A0C8F2C008CBAD9 /* PhotosCollectionViewCell.xib */ = {isa = PBXFileReference; lastKnownFileType = file.xib; path = PhotosCollectionViewCell.xib; sourceTree = "<group>"; };
		9A9E5ECB2A0CAB1F008CBAD9 /* SubPhotosViewController.swift */ = {isa = PBXFileReference; lastKnownFileType = sourcecode.swift; path = SubPhotosViewController.swift; sourceTree = "<group>"; };
		9AA265BE2A25998F00E84429 /* MoreViewController.swift */ = {isa = PBXFileReference; lastKnownFileType = sourcecode.swift; path = MoreViewController.swift; sourceTree = "<group>"; };
		9AA265C22A25F2CF00E84429 /* SettingViewController.swift */ = {isa = PBXFileReference; lastKnownFileType = sourcecode.swift; path = SettingViewController.swift; sourceTree = "<group>"; };
		9AA45B372A0B32F8007A2A18 /* VideoPhotoSecrete2.app */ = {isa = PBXFileReference; explicitFileType = wrapper.application; includeInIndex = 0; path = VideoPhotoSecrete2.app; sourceTree = BUILT_PRODUCTS_DIR; };
		9AA45B3A2A0B32F8007A2A18 /* AppDelegate.swift */ = {isa = PBXFileReference; lastKnownFileType = sourcecode.swift; path = AppDelegate.swift; sourceTree = "<group>"; };
		9AA45B3C2A0B32F8007A2A18 /* SceneDelegate.swift */ = {isa = PBXFileReference; lastKnownFileType = sourcecode.swift; path = SceneDelegate.swift; sourceTree = "<group>"; };
		9AA45B412A0B32F8007A2A18 /* Base */ = {isa = PBXFileReference; lastKnownFileType = file.storyboard; name = Base; path = Base.lproj/Main.storyboard; sourceTree = "<group>"; };
		9AA45B432A0B32FA007A2A18 /* Assets.xcassets */ = {isa = PBXFileReference; lastKnownFileType = folder.assetcatalog; path = Assets.xcassets; sourceTree = "<group>"; };
		9AA45B462A0B32FA007A2A18 /* Base */ = {isa = PBXFileReference; lastKnownFileType = file.storyboard; name = Base; path = Base.lproj/LaunchScreen.storyboard; sourceTree = "<group>"; };
		9AA45B482A0B32FA007A2A18 /* Info.plist */ = {isa = PBXFileReference; lastKnownFileType = text.plist.xml; path = Info.plist; sourceTree = "<group>"; };
		9AA45B4F2A0B3AAE007A2A18 /* HomeCollectionViewCell.swift */ = {isa = PBXFileReference; lastKnownFileType = sourcecode.swift; path = HomeCollectionViewCell.swift; sourceTree = "<group>"; };
		9AA45B502A0B3AAE007A2A18 /* HomeCollectionViewCell.xib */ = {isa = PBXFileReference; lastKnownFileType = file.xib; path = HomeCollectionViewCell.xib; sourceTree = "<group>"; };
		9AA45B542A0B3C45007A2A18 /* HomeViewController.swift */ = {isa = PBXFileReference; lastKnownFileType = sourcecode.swift; path = HomeViewController.swift; sourceTree = "<group>"; };
		9AA45B582A0B4A26007A2A18 /* PhotosViewController.swift */ = {isa = PBXFileReference; lastKnownFileType = sourcecode.swift; path = PhotosViewController.swift; sourceTree = "<group>"; };
		9AA45B5A2A0B4A2E007A2A18 /* VideosViewController.swift */ = {isa = PBXFileReference; lastKnownFileType = sourcecode.swift; path = VideosViewController.swift; sourceTree = "<group>"; };
		9AA45B5C2A0B4A38007A2A18 /* AudiosViewController.swift */ = {isa = PBXFileReference; lastKnownFileType = sourcecode.swift; path = AudiosViewController.swift; sourceTree = "<group>"; };
		9AA45B5E2A0B4A41007A2A18 /* DocumentsViewController.swift */ = {isa = PBXFileReference; lastKnownFileType = sourcecode.swift; path = DocumentsViewController.swift; sourceTree = "<group>"; };
/* End PBXFileReference section */

/* Begin PBXFrameworksBuildPhase section */
		9AA45B342A0B32F8007A2A18 /* Frameworks */ = {
			isa = PBXFrameworksBuildPhase;
			buildActionMask = 2147483647;
			files = (
				690D7631CCC3822F0A78ED81 /* Pods_VideoPhotoSecrete2.framework in Frameworks */,
			);
			runOnlyForDeploymentPostprocessing = 0;
		};
/* End PBXFrameworksBuildPhase section */

/* Begin PBXGroup section */
		4188B8F71633E79203101D18 /* Frameworks */ = {
			isa = PBXGroup;
			children = (
				02D909E254CFB5B2A3C6B5E2 /* Pods_VideoPhotoSecrete2.framework */,
			);
			name = Frameworks;
			sourceTree = "<group>";
		};
		4A4289E35BBAB7D7B79BA7C1 /* Pods */ = {
			isa = PBXGroup;
			children = (
				2253D9B9DC5BC7D17E7D38C0 /* Pods-VideoPhotoSecrete2.debug.xcconfig */,
				90611CC99802F44CD8B34E32 /* Pods-VideoPhotoSecrete2.release.xcconfig */,
			);
			path = Pods;
			sourceTree = "<group>";
		};
		9A980EB22A0DEF6900770531 /* TableViewCell */ = {
			isa = PBXGroup;
			children = (
				9A980EB32A0DEF9900770531 /* VideosTableViewCell.swift */,
				9A980EB42A0DEF9900770531 /* VideosTableViewCell.xib */,
				9A973B732A131AB900FE96B5 /* DocumentsTableViewCell.swift */,
				9A973B742A131AB900FE96B5 /* DocumentsTableViewCell.xib */,
				9A973B7B2A133B3C00FE96B5 /* SubDocumentsTableViewCell.swift */,
				9A973B7C2A133B3C00FE96B5 /* SubDocumentsTableViewCell.xib */,
				9A94E7FF2A15C63300F00605 /* AudiosTableViewCell.swift */,
				9A94E8002A15C63300F00605 /* AudiosTableViewCell.xib */,
				9A94E8032A15D6E300F00605 /* SubAudiosTableViewCell.swift */,
				9A94E8042A15D6E300F00605 /* SubAudiosTableViewCell.xib */,
			);
			path = TableViewCell;
			sourceTree = "<group>";
		};
		9A9E5ECA2A0CAAE4008CBAD9 /* SuperSubViewController */ = {
			isa = PBXGroup;
			children = (
				9A9E5ECB2A0CAB1F008CBAD9 /* SubPhotosViewController.swift */,
				9A980EB72A0E279F00770531 /* SubVideosViewController.swift */,
				9A973B6F2A1319EA00FE96B5 /* SubAudiosViewController.swift */,
				9A973B712A1319F700FE96B5 /* SubDocumentsViewController.swift */,
				9A95FD742A120A6700E22030 /* ShowImageViewController.swift */,
			);
			path = SuperSubViewController;
			sourceTree = "<group>";
		};
		9AA45B2E2A0B32F8007A2A18 = {
			isa = PBXGroup;
			children = (
				9AA45B392A0B32F8007A2A18 /* VideoPhotoSecrete2 */,
				9AA45B382A0B32F8007A2A18 /* Products */,
				4A4289E35BBAB7D7B79BA7C1 /* Pods */,
				4188B8F71633E79203101D18 /* Frameworks */,
			);
			sourceTree = "<group>";
		};
		9AA45B382A0B32F8007A2A18 /* Products */ = {
			isa = PBXGroup;
			children = (
				9AA45B372A0B32F8007A2A18 /* VideoPhotoSecrete2.app */,
			);
			name = Products;
			sourceTree = "<group>";
		};
		9AA45B392A0B32F8007A2A18 /* VideoPhotoSecrete2 */ = {
			isa = PBXGroup;
			children = (
				9AA45B532A0B3C25007A2A18 /* ViewController */,
				9AA45B4E2A0B3A8C007A2A18 /* CollectionViewCell */,
				9A980EB22A0DEF6900770531 /* TableViewCell */,
				9AA45B3A2A0B32F8007A2A18 /* AppDelegate.swift */,
				9AA45B3C2A0B32F8007A2A18 /* SceneDelegate.swift */,
				9AA45B402A0B32F8007A2A18 /* Main.storyboard */,
				9AA45B432A0B32FA007A2A18 /* Assets.xcassets */,
				9AA45B452A0B32FA007A2A18 /* LaunchScreen.storyboard */,
				9AA45B482A0B32FA007A2A18 /* Info.plist */,
			);
			path = VideoPhotoSecrete2;
			sourceTree = "<group>";
		};
		9AA45B4E2A0B3A8C007A2A18 /* CollectionViewCell */ = {
			isa = PBXGroup;
			children = (
				9AA45B4F2A0B3AAE007A2A18 /* HomeCollectionViewCell.swift */,
				9AA45B502A0B3AAE007A2A18 /* HomeCollectionViewCell.xib */,
				9A9E5EC62A0C8F2C008CBAD9 /* PhotosCollectionViewCell.swift */,
				9A9E5EC72A0C8F2C008CBAD9 /* PhotosCollectionViewCell.xib */,
				9A980EB92A0E295900770531 /* SubVideosCollectionViewCell.swift */,
				9A980EBA2A0E295900770531 /* SubVideosCollectionViewCell.xib */,
				9A97ECB02A1F6262002F5BF2 /* SubPhotosCollectionViewCell.swift */,
				9A97ECB12A1F6262002F5BF2 /* SubPhotosCollectionViewCell.xib */,
			);
			path = CollectionViewCell;
			sourceTree = "<group>";
		};
		9AA45B532A0B3C25007A2A18 /* ViewController */ = {
			isa = PBXGroup;
			children = (
				9AA45B562A0B49EA007A2A18 /* MenuViewController */,
				9AA45B572A0B4A04007A2A18 /* SubHomeViewController */,
				9A9E5ECA2A0CAAE4008CBAD9 /* SuperSubViewController */,
			);
			path = ViewController;
			sourceTree = "<group>";
		};
		9AA45B562A0B49EA007A2A18 /* MenuViewController */ = {
			isa = PBXGroup;
			children = (
				9AA45B542A0B3C45007A2A18 /* HomeViewController.swift */,
				9AA265C22A25F2CF00E84429 /* SettingViewController.swift */,
				9AA265BE2A25998F00E84429 /* MoreViewController.swift */,
			);
			path = MenuViewController;
			sourceTree = "<group>";
		};
		9AA45B572A0B4A04007A2A18 /* SubHomeViewController */ = {
			isa = PBXGroup;
			children = (
				9AA45B582A0B4A26007A2A18 /* PhotosViewController.swift */,
				9AA45B5A2A0B4A2E007A2A18 /* VideosViewController.swift */,
				9AA45B5C2A0B4A38007A2A18 /* AudiosViewController.swift */,
				9AA45B5E2A0B4A41007A2A18 /* DocumentsViewController.swift */,
			);
			path = SubHomeViewController;
			sourceTree = "<group>";
		};
/* End PBXGroup section */

/* Begin PBXNativeTarget section */
		9AA45B362A0B32F8007A2A18 /* VideoPhotoSecrete2 */ = {
			isa = PBXNativeTarget;
			buildConfigurationList = 9AA45B4B2A0B32FA007A2A18 /* Build configuration list for PBXNativeTarget "VideoPhotoSecrete2" */;
			buildPhases = (
				8D4E51F46208B7385D8398FA /* [CP] Check Pods Manifest.lock */,
				9AA45B332A0B32F8007A2A18 /* Sources */,
				9AA45B342A0B32F8007A2A18 /* Frameworks */,
				9AA45B352A0B32F8007A2A18 /* Resources */,
				8B55D71D39A6D38C513B0AF9 /* [CP] Embed Pods Frameworks */,
			);
			buildRules = (
			);
			dependencies = (
			);
			name = VideoPhotoSecrete2;
			productName = VideoPhotoSecrete2;
			productReference = 9AA45B372A0B32F8007A2A18 /* VideoPhotoSecrete2.app */;
			productType = "com.apple.product-type.application";
		};
/* End PBXNativeTarget section */

/* Begin PBXProject section */
		9AA45B2F2A0B32F8007A2A18 /* Project object */ = {
			isa = PBXProject;
			attributes = {
				BuildIndependentTargetsInParallel = 1;
				LastSwiftUpdateCheck = 1430;
				LastUpgradeCheck = 1430;
				TargetAttributes = {
					9AA45B362A0B32F8007A2A18 = {
						CreatedOnToolsVersion = 14.3;
					};
				};
			};
			buildConfigurationList = 9AA45B322A0B32F8007A2A18 /* Build configuration list for PBXProject "VideoPhotoSecrete2" */;
			compatibilityVersion = "Xcode 14.0";
			developmentRegion = en;
			hasScannedForEncodings = 0;
			knownRegions = (
				en,
				Base,
			);
			mainGroup = 9AA45B2E2A0B32F8007A2A18;
			productRefGroup = 9AA45B382A0B32F8007A2A18 /* Products */;
			projectDirPath = "";
			projectRoot = "";
			targets = (
				9AA45B362A0B32F8007A2A18 /* VideoPhotoSecrete2 */,
			);
		};
/* End PBXProject section */

/* Begin PBXResourcesBuildPhase section */
		9AA45B352A0B32F8007A2A18 /* Resources */ = {
			isa = PBXResourcesBuildPhase;
			buildActionMask = 2147483647;
			files = (
				9A94E8022A15C63300F00605 /* AudiosTableViewCell.xib in Resources */,
				9A973B7E2A133B3C00FE96B5 /* SubDocumentsTableViewCell.xib in Resources */,
				9A973B762A131AB900FE96B5 /* DocumentsTableViewCell.xib in Resources */,
				9AA45B472A0B32FA007A2A18 /* LaunchScreen.storyboard in Resources */,
				9A9E5EC92A0C8F2C008CBAD9 /* PhotosCollectionViewCell.xib in Resources */,
				9AA45B442A0B32FA007A2A18 /* Assets.xcassets in Resources */,
				9A97ECB32A1F6262002F5BF2 /* SubPhotosCollectionViewCell.xib in Resources */,
				9A980EB62A0DEF9900770531 /* VideosTableViewCell.xib in Resources */,
				9A980EBC2A0E295900770531 /* SubVideosCollectionViewCell.xib in Resources */,
				9AA45B422A0B32F8007A2A18 /* Main.storyboard in Resources */,
				9A94E8062A15D6E300F00605 /* SubAudiosTableViewCell.xib in Resources */,
				9AA45B522A0B3AAE007A2A18 /* HomeCollectionViewCell.xib in Resources */,
			);
			runOnlyForDeploymentPostprocessing = 0;
		};
/* End PBXResourcesBuildPhase section */

/* Begin PBXShellScriptBuildPhase section */
		8B55D71D39A6D38C513B0AF9 /* [CP] Embed Pods Frameworks */ = {
			isa = PBXShellScriptBuildPhase;
			buildActionMask = 2147483647;
			files = (
			);
			inputFileListPaths = (
				"${PODS_ROOT}/Target Support Files/Pods-VideoPhotoSecrete2/Pods-VideoPhotoSecrete2-frameworks-${CONFIGURATION}-input-files.xcfilelist",
			);
			name = "[CP] Embed Pods Frameworks";
			outputFileListPaths = (
				"${PODS_ROOT}/Target Support Files/Pods-VideoPhotoSecrete2/Pods-VideoPhotoSecrete2-frameworks-${CONFIGURATION}-output-files.xcfilelist",
			);
			runOnlyForDeploymentPostprocessing = 0;
			shellPath = /bin/sh;
			shellScript = "\"${PODS_ROOT}/Target Support Files/Pods-VideoPhotoSecrete2/Pods-VideoPhotoSecrete2-frameworks.sh\"\n";
			showEnvVarsInLog = 0;
		};
		8D4E51F46208B7385D8398FA /* [CP] Check Pods Manifest.lock */ = {
			isa = PBXShellScriptBuildPhase;
			buildActionMask = 2147483647;
			files = (
			);
			inputFileListPaths = (
			);
			inputPaths = (
				"${PODS_PODFILE_DIR_PATH}/Podfile.lock",
				"${PODS_ROOT}/Manifest.lock",
			);
			name = "[CP] Check Pods Manifest.lock";
			outputFileListPaths = (
			);
			outputPaths = (
				"$(DERIVED_FILE_DIR)/Pods-VideoPhotoSecrete2-checkManifestLockResult.txt",
			);
			runOnlyForDeploymentPostprocessing = 0;
			shellPath = /bin/sh;
			shellScript = "diff \"${PODS_PODFILE_DIR_PATH}/Podfile.lock\" \"${PODS_ROOT}/Manifest.lock\" > /dev/null\nif [ $? != 0 ] ; then\n    # print error to STDERR\n    echo \"error: The sandbox is not in sync with the Podfile.lock. Run 'pod install' or update your CocoaPods installation.\" >&2\n    exit 1\nfi\n# This output is used by Xcode 'outputs' to avoid re-running this script phase.\necho \"SUCCESS\" > \"${SCRIPT_OUTPUT_FILE_0}\"\n";
			showEnvVarsInLog = 0;
		};
/* End PBXShellScriptBuildPhase section */

/* Begin PBXSourcesBuildPhase section */
		9AA45B332A0B32F8007A2A18 /* Sources */ = {
			isa = PBXSourcesBuildPhase;
			buildActionMask = 2147483647;
			files = (
				9A9E5ECC2A0CAB1F008CBAD9 /* SubPhotosViewController.swift in Sources */,
				9A980EB82A0E279F00770531 /* SubVideosViewController.swift in Sources */,
				9A980EB52A0DEF9900770531 /* VideosTableViewCell.swift in Sources */,
				9AA45B5B2A0B4A2E007A2A18 /* VideosViewController.swift in Sources */,
				9A95FD752A120A6700E22030 /* ShowImageViewController.swift in Sources */,
				9A973B7D2A133B3C00FE96B5 /* SubDocumentsTableViewCell.swift in Sources */,
				9A94E8052A15D6E300F00605 /* SubAudiosTableViewCell.swift in Sources */,
				9AA45B5F2A0B4A41007A2A18 /* DocumentsViewController.swift in Sources */,
				9A973B702A1319EA00FE96B5 /* SubAudiosViewController.swift in Sources */,
				9A9E5EC82A0C8F2C008CBAD9 /* PhotosCollectionViewCell.swift in Sources */,
				9AA265C32A25F2CF00E84429 /* SettingViewController.swift in Sources */,
				9A973B722A1319F700FE96B5 /* SubDocumentsViewController.swift in Sources */,
				9AA45B3B2A0B32F8007A2A18 /* AppDelegate.swift in Sources */,
				9AA45B3D2A0B32F8007A2A18 /* SceneDelegate.swift in Sources */,
				9AA45B512A0B3AAE007A2A18 /* HomeCollectionViewCell.swift in Sources */,
				9A97ECB22A1F6262002F5BF2 /* SubPhotosCollectionViewCell.swift in Sources */,
				9AA265BF2A25998F00E84429 /* MoreViewController.swift in Sources */,
				9A973B752A131AB900FE96B5 /* DocumentsTableViewCell.swift in Sources */,
				9AA45B552A0B3C45007A2A18 /* HomeViewController.swift in Sources */,
				9AA45B5D2A0B4A38007A2A18 /* AudiosViewController.swift in Sources */,
				9A94E8012A15C63300F00605 /* AudiosTableViewCell.swift in Sources */,
				9AA45B592A0B4A26007A2A18 /* PhotosViewController.swift in Sources */,
				9A980EBB2A0E295900770531 /* SubVideosCollectionViewCell.swift in Sources */,
			);
			runOnlyForDeploymentPostprocessing = 0;
		};
/* End PBXSourcesBuildPhase section */

/* Begin PBXVariantGroup section */
		9AA45B402A0B32F8007A2A18 /* Main.storyboard */ = {
			isa = PBXVariantGroup;
			children = (
				9AA45B412A0B32F8007A2A18 /* Base */,
			);
			name = Main.storyboard;
			sourceTree = "<group>";
		};
		9AA45B452A0B32FA007A2A18 /* LaunchScreen.storyboard */ = {
			isa = PBXVariantGroup;
			children = (
				9AA45B462A0B32FA007A2A18 /* Base */,
			);
			name = LaunchScreen.storyboard;
			sourceTree = "<group>";
		};
/* End PBXVariantGroup section */

/* Begin XCBuildConfiguration section */
		9AA45B492A0B32FA007A2A18 /* Debug */ = {
			isa = XCBuildConfiguration;
			buildSettings = {
				ALWAYS_SEARCH_USER_PATHS = NO;
				CLANG_ANALYZER_NONNULL = YES;
				CLANG_ANALYZER_NUMBER_OBJECT_CONVERSION = YES_AGGRESSIVE;
				CLANG_CXX_LANGUAGE_STANDARD = "gnu++20";
				CLANG_ENABLE_MODULES = YES;
				CLANG_ENABLE_OBJC_ARC = YES;
				CLANG_ENABLE_OBJC_WEAK = YES;
				CLANG_WARN_BLOCK_CAPTURE_AUTORELEASING = YES;
				CLANG_WARN_BOOL_CONVERSION = YES;
				CLANG_WARN_COMMA = YES;
				CLANG_WARN_CONSTANT_CONVERSION = YES;
				CLANG_WARN_DEPRECATED_OBJC_IMPLEMENTATIONS = YES;
				CLANG_WARN_DIRECT_OBJC_ISA_USAGE = YES_ERROR;
				CLANG_WARN_DOCUMENTATION_COMMENTS = YES;
				CLANG_WARN_EMPTY_BODY = YES;
				CLANG_WARN_ENUM_CONVERSION = YES;
				CLANG_WARN_INFINITE_RECURSION = YES;
				CLANG_WARN_INT_CONVERSION = YES;
				CLANG_WARN_NON_LITERAL_NULL_CONVERSION = YES;
				CLANG_WARN_OBJC_IMPLICIT_RETAIN_SELF = YES;
				CLANG_WARN_OBJC_LITERAL_CONVERSION = YES;
				CLANG_WARN_OBJC_ROOT_CLASS = YES_ERROR;
				CLANG_WARN_QUOTED_INCLUDE_IN_FRAMEWORK_HEADER = YES;
				CLANG_WARN_RANGE_LOOP_ANALYSIS = YES;
				CLANG_WARN_STRICT_PROTOTYPES = YES;
				CLANG_WARN_SUSPICIOUS_MOVE = YES;
				CLANG_WARN_UNGUARDED_AVAILABILITY = YES_AGGRESSIVE;
				CLANG_WARN_UNREACHABLE_CODE = YES;
				CLANG_WARN__DUPLICATE_METHOD_MATCH = YES;
				COPY_PHASE_STRIP = NO;
				DEBUG_INFORMATION_FORMAT = dwarf;
				ENABLE_STRICT_OBJC_MSGSEND = YES;
				ENABLE_TESTABILITY = YES;
				GCC_C_LANGUAGE_STANDARD = gnu11;
				GCC_DYNAMIC_NO_PIC = NO;
				GCC_NO_COMMON_BLOCKS = YES;
				GCC_OPTIMIZATION_LEVEL = 0;
				GCC_PREPROCESSOR_DEFINITIONS = (
					"DEBUG=1",
					"$(inherited)",
				);
				GCC_WARN_64_TO_32_BIT_CONVERSION = YES;
				GCC_WARN_ABOUT_RETURN_TYPE = YES_ERROR;
				GCC_WARN_UNDECLARED_SELECTOR = YES;
				GCC_WARN_UNINITIALIZED_AUTOS = YES_AGGRESSIVE;
				GCC_WARN_UNUSED_FUNCTION = YES;
				GCC_WARN_UNUSED_VARIABLE = YES;
				IPHONEOS_DEPLOYMENT_TARGET = 16.4;
				MTL_ENABLE_DEBUG_INFO = INCLUDE_SOURCE;
				MTL_FAST_MATH = YES;
				ONLY_ACTIVE_ARCH = YES;
				SDKROOT = iphoneos;
				SWIFT_ACTIVE_COMPILATION_CONDITIONS = DEBUG;
				SWIFT_OPTIMIZATION_LEVEL = "-Onone";
			};
			name = Debug;
		};
		9AA45B4A2A0B32FA007A2A18 /* Release */ = {
			isa = XCBuildConfiguration;
			buildSettings = {
				ALWAYS_SEARCH_USER_PATHS = NO;
				CLANG_ANALYZER_NONNULL = YES;
				CLANG_ANALYZER_NUMBER_OBJECT_CONVERSION = YES_AGGRESSIVE;
				CLANG_CXX_LANGUAGE_STANDARD = "gnu++20";
				CLANG_ENABLE_MODULES = YES;
				CLANG_ENABLE_OBJC_ARC = YES;
				CLANG_ENABLE_OBJC_WEAK = YES;
				CLANG_WARN_BLOCK_CAPTURE_AUTORELEASING = YES;
				CLANG_WARN_BOOL_CONVERSION = YES;
				CLANG_WARN_COMMA = YES;
				CLANG_WARN_CONSTANT_CONVERSION = YES;
				CLANG_WARN_DEPRECATED_OBJC_IMPLEMENTATIONS = YES;
				CLANG_WARN_DIRECT_OBJC_ISA_USAGE = YES_ERROR;
				CLANG_WARN_DOCUMENTATION_COMMENTS = YES;
				CLANG_WARN_EMPTY_BODY = YES;
				CLANG_WARN_ENUM_CONVERSION = YES;
				CLANG_WARN_INFINITE_RECURSION = YES;
				CLANG_WARN_INT_CONVERSION = YES;
				CLANG_WARN_NON_LITERAL_NULL_CONVERSION = YES;
				CLANG_WARN_OBJC_IMPLICIT_RETAIN_SELF = YES;
				CLANG_WARN_OBJC_LITERAL_CONVERSION = YES;
				CLANG_WARN_OBJC_ROOT_CLASS = YES_ERROR;
				CLANG_WARN_QUOTED_INCLUDE_IN_FRAMEWORK_HEADER = YES;
				CLANG_WARN_RANGE_LOOP_ANALYSIS = YES;
				CLANG_WARN_STRICT_PROTOTYPES = YES;
				CLANG_WARN_SUSPICIOUS_MOVE = YES;
				CLANG_WARN_UNGUARDED_AVAILABILITY = YES_AGGRESSIVE;
				CLANG_WARN_UNREACHABLE_CODE = YES;
				CLANG_WARN__DUPLICATE_METHOD_MATCH = YES;
				COPY_PHASE_STRIP = NO;
				DEBUG_INFORMATION_FORMAT = "dwarf-with-dsym";
				ENABLE_NS_ASSERTIONS = NO;
				ENABLE_STRICT_OBJC_MSGSEND = YES;
				GCC_C_LANGUAGE_STANDARD = gnu11;
				GCC_NO_COMMON_BLOCKS = YES;
				GCC_WARN_64_TO_32_BIT_CONVERSION = YES;
				GCC_WARN_ABOUT_RETURN_TYPE = YES_ERROR;
				GCC_WARN_UNDECLARED_SELECTOR = YES;
				GCC_WARN_UNINITIALIZED_AUTOS = YES_AGGRESSIVE;
				GCC_WARN_UNUSED_FUNCTION = YES;
				GCC_WARN_UNUSED_VARIABLE = YES;
				IPHONEOS_DEPLOYMENT_TARGET = 16.4;
				MTL_ENABLE_DEBUG_INFO = NO;
				MTL_FAST_MATH = YES;
				SDKROOT = iphoneos;
				SWIFT_COMPILATION_MODE = wholemodule;
				SWIFT_OPTIMIZATION_LEVEL = "-O";
				VALIDATE_PRODUCT = YES;
			};
			name = Release;
		};
		9AA45B4C2A0B32FA007A2A18 /* Debug */ = {
			isa = XCBuildConfiguration;
			baseConfigurationReference = 2253D9B9DC5BC7D17E7D38C0 /* Pods-VideoPhotoSecrete2.debug.xcconfig */;
			buildSettings = {
				ASSETCATALOG_COMPILER_APPICON_NAME = AppIcon;
				ASSETCATALOG_COMPILER_GLOBAL_ACCENT_COLOR_NAME = AccentColor;
				CODE_SIGN_STYLE = Automatic;
				CURRENT_PROJECT_VERSION = 1;
				DEVELOPMENT_TEAM = 2FX323KNBX;
				GENERATE_INFOPLIST_FILE = YES;
				INFOPLIST_FILE = VideoPhotoSecrete2/Info.plist;
				INFOPLIST_KEY_NSCameraUsageDescription = "Use camera to take photos";
				INFOPLIST_KEY_NSFaceIDUsageDescription = "";
				INFOPLIST_KEY_NSLocalNetworkUsageDescription = "Allow network access to play audio";
				INFOPLIST_KEY_NSMicrophoneUsageDescription = "Allow access to microphone for recording";
				INFOPLIST_KEY_NSPhotoLibraryAddUsageDescription = "Access to photo library is needed to save videos";
				INFOPLIST_KEY_NSPhotoLibraryUsageDescription = "Access photo library to choose photos";
				INFOPLIST_KEY_UIApplicationSupportsIndirectInputEvents = YES;
				INFOPLIST_KEY_UILaunchStoryboardName = LaunchScreen;
				INFOPLIST_KEY_UIMainStoryboardFile = Main;
				INFOPLIST_KEY_UISupportedInterfaceOrientations_iPad = "UIInterfaceOrientationPortrait UIInterfaceOrientationPortraitUpsideDown UIInterfaceOrientationLandscapeLeft UIInterfaceOrientationLandscapeRight";
				INFOPLIST_KEY_UISupportedInterfaceOrientations_iPhone = "UIInterfaceOrientationPortrait UIInterfaceOrientationLandscapeLeft UIInterfaceOrientationLandscapeRight";
				IPHONEOS_DEPLOYMENT_TARGET = 16.3;
				LD_RUNPATH_SEARCH_PATHS = (
					"$(inherited)",
					"@executable_path/Frameworks",
				);
				MARKETING_VERSION = 1.0;
				PRODUCT_BUNDLE_IDENTIFIER = com.fx.VideoPhotoSecrete2;
				PRODUCT_NAME = "$(TARGET_NAME)";
				SWIFT_EMIT_LOC_STRINGS = YES;
				SWIFT_VERSION = 5.0;
				TARGETED_DEVICE_FAMILY = "1,2";
			};
			name = Debug;
		};
		9AA45B4D2A0B32FA007A2A18 /* Release */ = {
			isa = XCBuildConfiguration;
			baseConfigurationReference = 90611CC99802F44CD8B34E32 /* Pods-VideoPhotoSecrete2.release.xcconfig */;
			buildSettings = {
				ASSETCATALOG_COMPILER_APPICON_NAME = AppIcon;
				ASSETCATALOG_COMPILER_GLOBAL_ACCENT_COLOR_NAME = AccentColor;
				CODE_SIGN_STYLE = Automatic;
				CURRENT_PROJECT_VERSION = 1;
				DEVELOPMENT_TEAM = 2FX323KNBX;
				GENERATE_INFOPLIST_FILE = YES;
				INFOPLIST_FILE = VideoPhotoSecrete2/Info.plist;
				INFOPLIST_KEY_NSCameraUsageDescription = "Use camera to take photos";
				INFOPLIST_KEY_NSFaceIDUsageDescription = "";
				INFOPLIST_KEY_NSLocalNetworkUsageDescription = "Allow network access to play audio";
				INFOPLIST_KEY_NSMicrophoneUsageDescription = "Allow access to microphone for recording";
				INFOPLIST_KEY_NSPhotoLibraryAddUsageDescription = "Access to photo library is needed to save videos";
				INFOPLIST_KEY_NSPhotoLibraryUsageDescription = "Access photo library to choose photos";
				INFOPLIST_KEY_UIApplicationSupportsIndirectInputEvents = YES;
				INFOPLIST_KEY_UILaunchStoryboardName = LaunchScreen;
				INFOPLIST_KEY_UIMainStoryboardFile = Main;
				INFOPLIST_KEY_UISupportedInterfaceOrientations_iPad = "UIInterfaceOrientationPortrait UIInterfaceOrientationPortraitUpsideDown UIInterfaceOrientationLandscapeLeft UIInterfaceOrientationLandscapeRight";
				INFOPLIST_KEY_UISupportedInterfaceOrientations_iPhone = "UIInterfaceOrientationPortrait UIInterfaceOrientationLandscapeLeft UIInterfaceOrientationLandscapeRight";
				IPHONEOS_DEPLOYMENT_TARGET = 16.3;
				LD_RUNPATH_SEARCH_PATHS = (
					"$(inherited)",
					"@executable_path/Frameworks",
				);
				MARKETING_VERSION = 1.0;
				PRODUCT_BUNDLE_IDENTIFIER = com.fx.VideoPhotoSecrete2;
				PRODUCT_NAME = "$(TARGET_NAME)";
				SWIFT_EMIT_LOC_STRINGS = YES;
				SWIFT_VERSION = 5.0;
				TARGETED_DEVICE_FAMILY = "1,2";
			};
			name = Release;
		};
/* End XCBuildConfiguration section */

/* Begin XCConfigurationList section */
		9AA45B322A0B32F8007A2A18 /* Build configuration list for PBXProject "VideoPhotoSecrete2" */ = {
			isa = XCConfigurationList;
			buildConfigurations = (
				9AA45B492A0B32FA007A2A18 /* Debug */,
				9AA45B4A2A0B32FA007A2A18 /* Release */,
			);
			defaultConfigurationIsVisible = 0;
			defaultConfigurationName = Release;
		};
		9AA45B4B2A0B32FA007A2A18 /* Build configuration list for PBXNativeTarget "VideoPhotoSecrete2" */ = {
			isa = XCConfigurationList;
			buildConfigurations = (
				9AA45B4C2A0B32FA007A2A18 /* Debug */,
				9AA45B4D2A0B32FA007A2A18 /* Release */,
			);
			defaultConfigurationIsVisible = 0;
			defaultConfigurationName = Release;
		};
/* End XCConfigurationList section */
	};
	rootObject = 9AA45B2F2A0B32F8007A2A18 /* Project object */;
}
