// !$*UTF8*$!
{
	archiveVersion = 1;
	classes = {
	};
	objectVersion = 56;
	objects = {

/* Begin PBXBuildFile section */
		9AA45B3B2A0B32F8007A2A18 /* AppDelegate.swift in Sources */ = {isa = PBXBuildFile; fileRef = 9AA45B3A2A0B32F8007A2A18 /* AppDelegate.swift */; };
		9AA45B3D2A0B32F8007A2A18 /* SceneDelegate.swift in Sources */ = {isa = PBXBuildFile; fileRef = 9AA45B3C2A0B32F8007A2A18 /* SceneDelegate.swift */; };
		9AA45B422A0B32F8007A2A18 /* Main.storyboard in Resources */ = {isa = PBXBuildFile; fileRef = 9AA45B402A0B32F8007A2A18 /* Main.storyboard */; };
		9AA45B442A0B32FA007A2A18 /* Assets.xcassets in Resources */ = {isa = PBXBuildFile; fileRef = 9AA45B432A0B32FA007A2A18 /* Assets.xcassets */; };
		9AA45B472A0B32FA007A2A18 /* LaunchScreen.storyboard in Resources */ = {isa = PBXBuildFile; fileRef = 9AA45B452A0B32FA007A2A18 /* LaunchScreen.storyboard */; };
		9AA45B512A0B3AAE007A2A18 /* HomeCollectionViewCell.swift in Sources */ = {isa = PBXBuildFile; fileRef = 9AA45B4F2A0B3AAE007A2A18 /* HomeCollectionViewCell.swift */; };
		9AA45B522A0B3AAE007A2A18 /* HomeCollectionViewCell.xib in Resources */ = {isa = PBXBuildFile; fileRef = 9AA45B502A0B3AAE007A2A18 /* HomeCollectionViewCell.xib */; };
		9AA45B552A0B3C45007A2A18 /* HomeViewController.swift in Sources */ = {isa = PBXBuildFile; fileRef = 9AA45B542A0B3C45007A2A18 /* HomeViewController.swift */; };
/* End PBXBuildFile section */

/* Begin PBXFileReference section */
		9AA45B372A0B32F8007A2A18 /* VideoPhotoSecrete2.app */ = {isa = PBXFileReference; explicitFileType = wrapper.application; includeInIndex = 0; path = VideoPhotoSecrete2.app; sourceTree = BUILT_PRODUCTS_DIR; };
		9AA45B3A2A0B32F8007A2A18 /* AppDelegate.swift */ = {isa = PBXFileReference; lastKnownFileType = sourcecode.swift; path = AppDelegate.swift; sourceTree = "<group>"; };
		9AA45B3C2A0B32F8007A2A18 /* SceneDelegate.swift */ = {isa = PBXFileReference; lastKnownFileType = sourcecode.swift; path = SceneDelegate.swift; sourceTree = "<group>"; };
		9AA45B412A0B32F8007A2A18 /* Base */ = {isa = PBXFileReference; lastKnownFileType = file.storyboard; name = Base; path = Base.lproj/Main.storyboard; sourceTree = "<group>"; };
		9AA45B432A0B32FA007A2A18 /* Assets.xcassets */ = {isa = PBXFileReference; lastKnownFileType = folder.assetcatalog; path = Assets.xcassets; sourceTree = "<group>"; };
		9AA45B462A0B32FA007A2A18 /* Base */ = {isa = PBXFileReference; lastKnownFileType = file.storyboard; name = Base; path = Base.lproj/LaunchScreen.storyboard; sourceTree = "<group>"; };
		9AA45B482A0B32FA007A2A18 /* Info.plist */ = {isa = PBXFileReference; lastKnownFileType = text.plist.xml; path = Info.plist; sourceTree = "<group>"; };
		9AA45B4F2A0B3AAE007A2A18 /* HomeCollectionViewCell.swift */ = {isa = PBXFileReference; lastKnownFileType = sourcecode.swift; path = HomeCollectionViewCell.swift; sourceTree = "<group>"; };
		9AA45B502A0B3AAE007A2A18 /* HomeCollectionViewCell.xib */ = {isa = PBXFileReference; lastKnownFileType = file.xib; path = HomeCollectionViewCell.xib; sourceTree = "<group>"; };
		9AA45B542A0B3C45007A2A18 /* HomeViewController.swift */ = {isa = PBXFileReference; lastKnownFileType = sourcecode.swift; path = HomeViewController.swift; sourceTree = "<group>"; };
/* End PBXFileReference section */

/* Begin PBXFrameworksBuildPhase section */
		9AA45B342A0B32F8007A2A18 /* Frameworks */ = {
			isa = PBXFrameworksBuildPhase;
			buildActionMask = 2147483647;
			files = (
			);
			runOnlyForDeploymentPostprocessing = 0;
		};
/* End PBXFrameworksBuildPhase section */

/* Begin PBXGroup section */
		9AA45B2E2A0B32F8007A2A18 = {
			isa = PBXGroup;
			children = (
				9AA45B392A0B32F8007A2A18 /* VideoPhotoSecrete2 */,
				9AA45B382A0B32F8007A2A18 /* Products */,
			);
			sourceTree = "<group>";
		};
		9AA45B382A0B32F8007A2A18 /* Products */ = {
			isa = PBXGroup;
			children = (
				9AA45B372A0B32F8007A2A18 /* VideoPhotoSecrete2.app */,
			);
			name = Products;
			sourceTree = "<group>";
		};
		9AA45B392A0B32F8007A2A18 /* VideoPhotoSecrete2 */ = {
			isa = PBXGroup;
			children = (
				9AA45B532A0B3C25007A2A18 /* ViewController */,
				9AA45B4E2A0B3A8C007A2A18 /* CollectionViewCell */,
				9AA45B3A2A0B32F8007A2A18 /* AppDelegate.swift */,
				9AA45B3C2A0B32F8007A2A18 /* SceneDelegate.swift */,
				9AA45B402A0B32F8007A2A18 /* Main.storyboard */,
				9AA45B432A0B32FA007A2A18 /* Assets.xcassets */,
				9AA45B452A0B32FA007A2A18 /* LaunchScreen.storyboard */,
				9AA45B482A0B32FA007A2A18 /* Info.plist */,
			);
			path = VideoPhotoSecrete2;
			sourceTree = "<group>";
		};
		9AA45B4E2A0B3A8C007A2A18 /* CollectionViewCell */ = {
			isa = PBXGroup;
			children = (
				9AA45B4F2A0B3AAE007A2A18 /* HomeCollectionViewCell.swift */,
				9AA45B502A0B3AAE007A2A18 /* HomeCollectionViewCell.xib */,
			);
			path = CollectionViewCell;
			sourceTree = "<group>";
		};
		9AA45B532A0B3C25007A2A18 /* ViewController */ = {
			isa = PBXGroup;
			children = (
				9AA45B542A0B3C45007A2A18 /* HomeViewController.swift */,
			);
			path = ViewController;
			sourceTree = "<group>";
		};
/* End PBXGroup section */

/* Begin PBXNativeTarget section */
		9AA45B362A0B32F8007A2A18 /* VideoPhotoSecrete2 */ = {
			isa = PBXNativeTarget;
			buildConfigurationList = 9AA45B4B2A0B32FA007A2A18 /* Build configuration list for PBXNativeTarget "VideoPhotoSecrete2" */;
			buildPhases = (
				9AA45B332A0B32F8007A2A18 /* Sources */,
				9AA45B342A0B32F8007A2A18 /* Frameworks */,
				9AA45B352A0B32F8007A2A18 /* Resources */,
			);
			buildRules = (
			);
			dependencies = (
			);
			name = VideoPhotoSecrete2;
			productName = VideoPhotoSecrete2;
			productReference = 9AA45B372A0B32F8007A2A18 /* VideoPhotoSecrete2.app */;
			productType = "com.apple.product-type.application";
		};
/* End PBXNativeTarget section */

/* Begin PBXProject section */
		9AA45B2F2A0B32F8007A2A18 /* Project object */ = {
			isa = PBXProject;
			attributes = {
				BuildIndependentTargetsInParallel = 1;
				LastSwiftUpdateCheck = 1430;
				LastUpgradeCheck = 1430;
				TargetAttributes = {
					9AA45B362A0B32F8007A2A18 = {
						CreatedOnToolsVersion = 14.3;
					};
				};
			};
			buildConfigurationList = 9AA45B322A0B32F8007A2A18 /* Build configuration list for PBXProject "VideoPhotoSecrete2" */;
			compatibilityVersion = "Xcode 14.0";
			developmentRegion = en;
			hasScannedForEncodings = 0;
			knownRegions = (
				en,
				Base,
			);
			mainGroup = 9AA45B2E2A0B32F8007A2A18;
			productRefGroup = 9AA45B382A0B32F8007A2A18 /* Products */;
			projectDirPath = "";
			projectRoot = "";
			targets = (
				9AA45B362A0B32F8007A2A18 /* VideoPhotoSecrete2 */,
			);
		};
/* End PBXProject section */

/* Begin PBXResourcesBuildPhase section */
		9AA45B352A0B32F8007A2A18 /* Resources */ = {
			isa = PBXResourcesBuildPhase;
			buildActionMask = 2147483647;
			files = (
				9AA45B472A0B32FA007A2A18 /* LaunchScreen.storyboard in Resources */,
				9AA45B442A0B32FA007A2A18 /* Assets.xcassets in Resources */,
				9AA45B422A0B32F8007A2A18 /* Main.storyboard in Resources */,
				9AA45B522A0B3AAE007A2A18 /* HomeCollectionViewCell.xib in Resources */,
			);
			runOnlyForDeploymentPostprocessing = 0;
		};
/* End PBXResourcesBuildPhase section */

/* Begin PBXSourcesBuildPhase section */
		9AA45B332A0B32F8007A2A18 /* Sources */ = {
			isa = PBXSourcesBuildPhase;
			buildActionMask = 2147483647;
			files = (
				9AA45B3B2A0B32F8007A2A18 /* AppDelegate.swift in Sources */,
				9AA45B3D2A0B32F8007A2A18 /* SceneDelegate.swift in Sources */,
				9AA45B512A0B3AAE007A2A18 /* HomeCollectionViewCell.swift in Sources */,
				9AA45B552A0B3C45007A2A18 /* HomeViewController.swift in Sources */,
			);
			runOnlyForDeploymentPostprocessing = 0;
		};
/* End PBXSourcesBuildPhase section */

/* Begin PBXVariantGroup section */
		9AA45B402A0B32F8007A2A18 /* Main.storyboard */ = {
			isa = PBXVariantGroup;
			children = (
				9AA45B412A0B32F8007A2A18 /* Base */,
			);
			name = Main.storyboard;
			sourceTree = "<group>";
		};
		9AA45B452A0B32FA007A2A18 /* LaunchScreen.storyboard */ = {
			isa = PBXVariantGroup;
			children = (
				9AA45B462A0B32FA007A2A18 /* Base */,
			);
			name = LaunchScreen.storyboard;
			sourceTree = "<group>";
		};
/* End PBXVariantGroup section */

/* Begin XCBuildConfiguration section */
		9AA45B492A0B32FA007A2A18 /* Debug */ = {
			isa = XCBuildConfiguration;
			buildSettings = {
				ALWAYS_SEARCH_USER_PATHS = NO;
				CLANG_ANALYZER_NONNULL = YES;
				CLANG_ANALYZER_NUMBER_OBJECT_CONVERSION = YES_AGGRESSIVE;
				CLANG_CXX_LANGUAGE_STANDARD = "gnu++20";
				CLANG_ENABLE_MODULES = YES;
				CLANG_ENABLE_OBJC_ARC = YES;
				CLANG_ENABLE_OBJC_WEAK = YES;
				CLANG_WARN_BLOCK_CAPTURE_AUTORELEASING = YES;
				CLANG_WARN_BOOL_CONVERSION = YES;
				CLANG_WARN_COMMA = YES;
				CLANG_WARN_CONSTANT_CONVERSION = YES;
				CLANG_WARN_DEPRECATED_OBJC_IMPLEMENTATIONS = YES;
				CLANG_WARN_DIRECT_OBJC_ISA_USAGE = YES_ERROR;
				CLANG_WARN_DOCUMENTATION_COMMENTS = YES;
				CLANG_WARN_EMPTY_BODY = YES;
				CLANG_WARN_ENUM_CONVERSION = YES;
				CLANG_WARN_INFINITE_RECURSION = YES;
				CLANG_WARN_INT_CONVERSION = YES;
				CLANG_WARN_NON_LITERAL_NULL_CONVERSION = YES;
				CLANG_WARN_OBJC_IMPLICIT_RETAIN_SELF = YES;
				CLANG_WARN_OBJC_LITERAL_CONVERSION = YES;
				CLANG_WARN_OBJC_ROOT_CLASS = YES_ERROR;
				CLANG_WARN_QUOTED_INCLUDE_IN_FRAMEWORK_HEADER = YES;
				CLANG_WARN_RANGE_LOOP_ANALYSIS = YES;
				CLANG_WARN_STRICT_PROTOTYPES = YES;
				CLANG_WARN_SUSPICIOUS_MOVE = YES;
				CLANG_WARN_UNGUARDED_AVAILABILITY = YES_AGGRESSIVE;
				CLANG_WARN_UNREACHABLE_CODE = YES;
				CLANG_WARN__DUPLICATE_METHOD_MATCH = YES;
				COPY_PHASE_STRIP = NO;
				DEBUG_INFORMATION_FORMAT = dwarf;
				ENABLE_STRICT_OBJC_MSGSEND = YES;
				ENABLE_TESTABILITY = YES;
				GCC_C_LANGUAGE_STANDARD = gnu11;
				GCC_DYNAMIC_NO_PIC = NO;
				GCC_NO_COMMON_BLOCKS = YES;
				GCC_OPTIMIZATION_LEVEL = 0;
				GCC_PREPROCESSOR_DEFINITIONS = (
					"DEBUG=1",
					"$(inherited)",
				);
				GCC_WARN_64_TO_32_BIT_CONVERSION = YES;
				GCC_WARN_ABOUT_RETURN_TYPE = YES_ERROR;
				GCC_WARN_UNDECLARED_SELECTOR = YES;
				GCC_WARN_UNINITIALIZED_AUTOS = YES_AGGRESSIVE;
				GCC_WARN_UNUSED_FUNCTION = YES;
				GCC_WARN_UNUSED_VARIABLE = YES;
				IPHONEOS_DEPLOYMENT_TARGET = 16.4;
				MTL_ENABLE_DEBUG_INFO = INCLUDE_SOURCE;
				MTL_FAST_MATH = YES;
				ONLY_ACTIVE_ARCH = YES;
				SDKROOT = iphoneos;
				SWIFT_ACTIVE_COMPILATION_CONDITIONS = DEBUG;
				SWIFT_OPTIMIZATION_LEVEL = "-Onone";
			};
			name = Debug;
		};
		9AA45B4A2A0B32FA007A2A18 /* Release */ = {
			isa = XCBuildConfiguration;
			buildSettings = {
				ALWAYS_SEARCH_USER_PATHS = NO;
				CLANG_ANALYZER_NONNULL = YES;
				CLANG_ANALYZER_NUMBER_OBJECT_CONVERSION = YES_AGGRESSIVE;
				CLANG_CXX_LANGUAGE_STANDARD = "gnu++20";
				CLANG_ENABLE_MODULES = YES;
				CLANG_ENABLE_OBJC_ARC = YES;
				CLANG_ENABLE_OBJC_WEAK = YES;
				CLANG_WARN_BLOCK_CAPTURE_AUTORELEASING = YES;
				CLANG_WARN_BOOL_CONVERSION = YES;
				CLANG_WARN_COMMA = YES;
				CLANG_WARN_CONSTANT_CONVERSION = YES;
				CLANG_WARN_DEPRECATED_OBJC_IMPLEMENTATIONS = YES;
				CLANG_WARN_DIRECT_OBJC_ISA_USAGE = YES_ERROR;
				CLANG_WARN_DOCUMENTATION_COMMENTS = YES;
				CLANG_WARN_EMPTY_BODY = YES;
				CLANG_WARN_ENUM_CONVERSION = YES;
				CLANG_WARN_INFINITE_RECURSION = YES;
				CLANG_WARN_INT_CONVERSION = YES;
				CLANG_WARN_NON_LITERAL_NULL_CONVERSION = YES;
				CLANG_WARN_OBJC_IMPLICIT_RETAIN_SELF = YES;
				CLANG_WARN_OBJC_LITERAL_CONVERSION = YES;
				CLANG_WARN_OBJC_ROOT_CLASS = YES_ERROR;
				CLANG_WARN_QUOTED_INCLUDE_IN_FRAMEWORK_HEADER = YES;
				CLANG_WARN_RANGE_LOOP_ANALYSIS = YES;
				CLANG_WARN_STRICT_PROTOTYPES = YES;
				CLANG_WARN_SUSPICIOUS_MOVE = YES;
				CLANG_WARN_UNGUARDED_AVAILABILITY = YES_AGGRESSIVE;
				CLANG_WARN_UNREACHABLE_CODE = YES;
				CLANG_WARN__DUPLICATE_METHOD_MATCH = YES;
				COPY_PHASE_STRIP = NO;
				DEBUG_INFORMATION_FORMAT = "dwarf-with-dsym";
				ENABLE_NS_ASSERTIONS = NO;
				ENABLE_STRICT_OBJC_MSGSEND = YES;
				GCC_C_LANGUAGE_STANDARD = gnu11;
				GCC_NO_COMMON_BLOCKS = YES;
				GCC_WARN_64_TO_32_BIT_CONVERSION = YES;
				GCC_WARN_ABOUT_RETURN_TYPE = YES_ERROR;
				GCC_WARN_UNDECLARED_SELECTOR = YES;
				GCC_WARN_UNINITIALIZED_AUTOS = YES_AGGRESSIVE;
				GCC_WARN_UNUSED_FUNCTION = YES;
				GCC_WARN_UNUSED_VARIABLE = YES;
				IPHONEOS_DEPLOYMENT_TARGET = 16.4;
				MTL_ENABLE_DEBUG_INFO = NO;
				MTL_FAST_MATH = YES;
				SDKROOT = iphoneos;
				SWIFT_COMPILATION_MODE = wholemodule;
				SWIFT_OPTIMIZATION_LEVEL = "-O";
				VALIDATE_PRODUCT = YES;
			};
			name = Release;
		};
		9AA45B4C2A0B32FA007A2A18 /* Debug */ = {
			isa = XCBuildConfiguration;
			buildSettings = {
				ASSETCATALOG_COMPILER_APPICON_NAME = AppIcon;
				ASSETCATALOG_COMPILER_GLOBAL_ACCENT_COLOR_NAME = AccentColor;
				CODE_SIGN_STYLE = Automatic;
				CURRENT_PROJECT_VERSION = 1;
				DEVELOPMENT_TEAM = 2FX323KNBX;
				GENERATE_INFOPLIST_FILE = YES;
				INFOPLIST_FILE = VideoPhotoSecrete2/Info.plist;
				INFOPLIST_KEY_NSCameraUsageDescription = "Use camera to take photos";
				INFOPLIST_KEY_NSFaceIDUsageDescription = "";
				INFOPLIST_KEY_NSLocalNetworkUsageDescription = "Allow network access to play audio";
				INFOPLIST_KEY_NSMicrophoneUsageDescription = "Allow access to microphone for recording";
				INFOPLIST_KEY_NSPhotoLibraryAddUsageDescription = "Access to photo library is needed to save videos";
				INFOPLIST_KEY_NSPhotoLibraryUsageDescription = "Access photo library to choose photos";
				INFOPLIST_KEY_UIApplicationSupportsIndirectInputEvents = YES;
				INFOPLIST_KEY_UILaunchStoryboardName = LaunchScreen;
				INFOPLIST_KEY_UIMainStoryboardFile = Main;
				INFOPLIST_KEY_UISupportedInterfaceOrientations_iPad = "UIInterfaceOrientationPortrait UIInterfaceOrientationPortraitUpsideDown UIInterfaceOrientationLandscapeLeft UIInterfaceOrientationLandscapeRight";
				INFOPLIST_KEY_UISupportedInterfaceOrientations_iPhone = "UIInterfaceOrientationPortrait UIInterfaceOrientationLandscapeLeft UIInterfaceOrientationLandscapeRight";
				LD_RUNPATH_SEARCH_PATHS = (
					"$(inherited)",
					"@executable_path/Frameworks",
				);
				MARKETING_VERSION = 1.0;
				PRODUCT_BUNDLE_IDENTIFIER = com.fx.VideoPhotoSecrete2;
				PRODUCT_NAME = "$(TARGET_NAME)";
				SWIFT_EMIT_LOC_STRINGS = YES;
				SWIFT_VERSION = 5.0;
				TARGETED_DEVICE_FAMILY = "1,2";
			};
			name = Debug;
		};
		9AA45B4D2A0B32FA007A2A18 /* Release */ = {
			isa = XCBuildConfiguration;
			buildSettings = {
				ASSETCATALOG_COMPILER_APPICON_NAME = AppIcon;
				ASSETCATALOG_COMPILER_GLOBAL_ACCENT_COLOR_NAME = AccentColor;
				CODE_SIGN_STYLE = Automatic;
				CURRENT_PROJECT_VERSION = 1;
				DEVELOPMENT_TEAM = 2FX323KNBX;
				GENERATE_INFOPLIST_FILE = YES;
				INFOPLIST_FILE = VideoPhotoSecrete2/Info.plist;
				INFOPLIST_KEY_NSCameraUsageDescription = "Use camera to take photos";
				INFOPLIST_KEY_NSFaceIDUsageDescription = "";
				INFOPLIST_KEY_NSLocalNetworkUsageDescription = "Allow network access to play audio";
				INFOPLIST_KEY_NSMicrophoneUsageDescription = "Allow access to microphone for recording";
				INFOPLIST_KEY_NSPhotoLibraryAddUsageDescription = "Access to photo library is needed to save videos";
				INFOPLIST_KEY_NSPhotoLibraryUsageDescription = "Access photo library to choose photos";
				INFOPLIST_KEY_UIApplicationSupportsIndirectInputEvents = YES;
				INFOPLIST_KEY_UILaunchStoryboardName = LaunchScreen;
				INFOPLIST_KEY_UIMainStoryboardFile = Main;
				INFOPLIST_KEY_UISupportedInterfaceOrientations_iPad = "UIInterfaceOrientationPortrait UIInterfaceOrientationPortraitUpsideDown UIInterfaceOrientationLandscapeLeft UIInterfaceOrientationLandscapeRight";
				INFOPLIST_KEY_UISupportedInterfaceOrientations_iPhone = "UIInterfaceOrientationPortrait UIInterfaceOrientationLandscapeLeft UIInterfaceOrientationLandscapeRight";
				LD_RUNPATH_SEARCH_PATHS = (
					"$(inherited)",
					"@executable_path/Frameworks",
				);
				MARKETING_VERSION = 1.0;
				PRODUCT_BUNDLE_IDENTIFIER = com.fx.VideoPhotoSecrete2;
				PRODUCT_NAME = "$(TARGET_NAME)";
				SWIFT_EMIT_LOC_STRINGS = YES;
				SWIFT_VERSION = 5.0;
				TARGETED_DEVICE_FAMILY = "1,2";
			};
			name = Release;
		};
/* End XCBuildConfiguration section */

/* Begin XCConfigurationList section */
		9AA45B322A0B32F8007A2A18 /* Build configuration list for PBXProject "VideoPhotoSecrete2" */ = {
			isa = XCConfigurationList;
			buildConfigurations = (
				9AA45B492A0B32FA007A2A18 /* Debug */,
				9AA45B4A2A0B32FA007A2A18 /* Release */,
			);
			defaultConfigurationIsVisible = 0;
			defaultConfigurationName = Release;
		};
		9AA45B4B2A0B32FA007A2A18 /* Build configuration list for PBXNativeTarget "VideoPhotoSecrete2" */ = {
			isa = XCConfigurationList;
			buildConfigurations = (
				9AA45B4C2A0B32FA007A2A18 /* Debug */,
				9AA45B4D2A0B32FA007A2A18 /* Release */,
			);
			defaultConfigurationIsVisible = 0;
			defaultConfigurationName = Release;
		};
/* End XCConfigurationList section */
	};
	rootObject = 9AA45B2F2A0B32F8007A2A18 /* Project object */;
}
